
Microsoft Visual Studio Solution File, Format Version 12.00
# Visual Studio Version 16
VisualStudioVersion = 16.0.31624.102
MinimumVisualStudioVersion = 10.0.40219.1
Project("{FAE04EC0-301F-11D3-BF4B-00C04F79EFBC}") = "HotelBookingSystemTests", "HotelBookingSystemTests\HotelBookingSystemTests.csproj", "{9B66C5AA-CDBF-4992-91C2-50C6F8E492C0}"
EndProject
Project("{FAE04EC0-301F-11D3-BF4B-00C04F79EFBC}") = "HotelBooking", "HotelBooking\HotelBooking.csproj", "{61B2BABE-D802-42FC-B7ED-7CA9FD188ED4}"
EndProject
Global
	GlobalSection(SolutionConfigurationPlatforms) = preSolution
		Debug|Any CPU = Debug|Any CPU
		Release|Any CPU = Release|Any CPU
	EndGlobalSection
	GlobalSection(ProjectConfigurationPlatforms) = postSolution
		{9B66C5AA-CDBF-4992-91C2-50C6F8E492C0}.Debug|Any CPU.ActiveCfg = Debug|Any CPU
		{9B66C5AA-CDBF-4992-91C2-50C6F8E492C0}.Debug|Any CPU.Build.0 = Debug|Any CPU
		{9B66C5AA-CDBF-4992-91C2-50C6F8E492C0}.Release|Any CPU.ActiveCfg = Release|Any CPU
		{9B66C5AA-CDBF-4992-91C2-50C6F8E492C0}.Release|Any CPU.Build.0 = Release|Any CPU
		{61B2BABE-D802-42FC-B7ED-7CA9FD188ED4}.Debug|Any CPU.ActiveCfg = Debug|Any CPU
		{61B2BABE-D802-42FC-B7ED-7CA9FD188ED4}.Debug|Any CPU.Build.0 = Debug|Any CPU
		{61B2BABE-D802-42FC-B7ED-7CA9FD188ED4}.Release|Any CPU.ActiveCfg = Release|Any CPU
		{61B2BABE-D802-42FC-B7ED-7CA9FD188ED4}.Release|Any CPU.Build.0 = Release|Any CPU
	EndGlobalSection
	GlobalSection(SolutionProperties) = preSolution
		HideSolutionNode = FALSE
	EndGlobalSection
	GlobalSection(ExtensibilityGlobals) = postSolution
		SolutionGuid = {694F503E-0128-4F7E-815A-0192F17CE56C}
	EndGlobalSection
EndGlobal
